{
  "requires": true,
  "lockfileVersion": 1,
  "dependencies": {
   "jweixin-module": {
     "version": "1.6.0",
     "resolved": "https://registry.npmjs.org/jweixin-module/-/jweixin-module-1.6.0.tgz",
     "integrity": "sha512-dGk9cf+ipipHmtzYmKZs5B2toX+p4hLyllGLF6xuC8t+B05oYxd8fYoaRz0T30U2n3RUv8a4iwvjhA+OcYz52w=="
   },
    "uni-simple-router": {
      "version": "1.3.81",
      "resolved": "https://registry.npmjs.org/uni-simple-router/-/uni-simple-router-1.3.81.tgz",
      "integrity": "sha512-S8Kq7i2cAjXSYJFWy8fFFe1rBHV2DM7fFSfcckSdSpnN2LKoLWz9hcnLTag3hifj/A4nFJlLuHEzPzzmm2rxKQ=="
    },
    "wangeditor": {
      "version": "3.1.1",
      "resolved": "https://registry.npmjs.org/wangeditor/-/wangeditor-3.1.1.tgz",
      "integrity": "sha1-+9PB1JdpI8nt67hbKdMLNVEq0Dk="
    }
  }
}
